// !$*UTF8*$!
{
	archiveVersion = 1;
	classes = {
	};
	objectVersion = 56;
	objects = {

/* Begin PBXBuildFile section */
		27EA3C842C161AD200EB1501 /* SwiftuiSnapshotApp.swift in Sources */ = {isa = PBXBuildFile; fileRef = 27EA3C832C161AD200EB1501 /* SwiftuiSnapshotApp.swift */; };
		27EA3C862C161AD200EB1501 /* ContentView.swift in Sources */ = {isa = PBXBuildFile; fileRef = 27EA3C852C161AD200EB1501 /* ContentView.swift */; };
		27EA3C882C161AD400EB1501 /* Assets.xcassets in Resources */ = {isa = PBXBuildFile; fileRef = 27EA3C872C161AD400EB1501 /* Assets.xcassets */; };
		27EA3C8C2C161AD400EB1501 /* Preview Assets.xcassets in Resources */ = {isa = PBXBuildFile; fileRef = 27EA3C8B2C161AD400EB1501 /* Preview Assets.xcassets */; };
		27EA3CAF2C161D1800EB1501 /* ContentViewSnapshotTests.swift in Sources */ = {isa = PBXBuildFile; fileRef = 27EA3C952C161AD400EB1501 /* ContentViewSnapshotTests.swift */; };
		27EA3CB12C1629BD00EB1501 /* SnapshotTesting.swift in Sources */ = {isa = PBXBuildFile; fileRef = 27EA3CB02C1629BD00EB1501 /* SnapshotTesting.swift */; };
/* End PBXBuildFile section */

/* Begin PBXContainerItemProxy section */
		27EA3C922C161AD400EB1501 /* PBXContainerItemProxy */ = {
			isa = PBXContainerItemProxy;
			containerPortal = 27EA3C782C161AD200EB1501 /* Project object */;
			proxyType = 1;
			remoteGlobalIDString = 27EA3C7F2C161AD200EB1501;
			remoteInfo = SwiftuiSnapshot;
		};
/* End PBXContainerItemProxy section */

/* Begin PBXFileReference section */
		27EA3C802C161AD200EB1501 /* SwiftuiSnapshot.app */ = {isa = PBXFileReference; explicitFileType = wrapper.application; includeInIndex = 0; path = SwiftuiSnapshot.app; sourceTree = BUILT_PRODUCTS_DIR; };
		27EA3C832C161AD200EB1501 /* SwiftuiSnapshotApp.swift */ = {isa = PBXFileReference; lastKnownFileType = sourcecode.swift; path = SwiftuiSnapshotApp.swift; sourceTree = "<group>"; };
		27EA3C852C161AD200EB1501 /* ContentView.swift */ = {isa = PBXFileReference; lastKnownFileType = sourcecode.swift; path = ContentView.swift; sourceTree = "<group>"; };
		27EA3C872C161AD400EB1501 /* Assets.xcassets */ = {isa = PBXFileReference; lastKnownFileType = folder.assetcatalog; path = Assets.xcassets; sourceTree = "<group>"; };
		27EA3C892C161AD400EB1501 /* SwiftuiSnapshot.entitlements */ = {isa = PBXFileReference; lastKnownFileType = text.plist.entitlements; path = SwiftuiSnapshot.entitlements; sourceTree = "<group>"; };
		27EA3C8B2C161AD400EB1501 /* Preview Assets.xcassets */ = {isa = PBXFileReference; lastKnownFileType = folder.assetcatalog; path = "Preview Assets.xcassets"; sourceTree = "<group>"; };
		27EA3C912C161AD400EB1501 /* SwiftuiSnapshotTests.xctest */ = {isa = PBXFileReference; explicitFileType = wrapper.cfbundle; includeInIndex = 0; path = SwiftuiSnapshotTests.xctest; sourceTree = BUILT_PRODUCTS_DIR; };
		27EA3C952C161AD400EB1501 /* ContentViewSnapshotTests.swift */ = {isa = PBXFileReference; lastKnownFileType = sourcecode.swift; path = ContentViewSnapshotTests.swift; sourceTree = "<group>"; };
		27EA3CB02C1629BD00EB1501 /* SnapshotTesting.swift */ = {isa = PBXFileReference; lastKnownFileType = sourcecode.swift; path = SnapshotTesting.swift; sourceTree = "<group>"; };
/* End PBXFileReference section */

/* Begin PBXFrameworksBuildPhase section */
		27EA3C7D2C161AD200EB1501 /* Frameworks */ = {
			isa = PBXFrameworksBuildPhase;
			buildActionMask = 2147483647;
			files = (
			);
			runOnlyForDeploymentPostprocessing = 0;
		};
		27EA3C8E2C161AD400EB1501 /* Frameworks */ = {
			isa = PBXFrameworksBuildPhase;
			buildActionMask = 2147483647;
			files = (
			);
			runOnlyForDeploymentPostprocessing = 0;
		};
/* End PBXFrameworksBuildPhase section */

/* Begin PBXGroup section */
		27EA3C772C161AD200EB1501 = {
			isa = PBXGroup;
			children = (
				27EA3C822C161AD200EB1501 /* SwiftuiSnapshot */,
				27EA3C942C161AD400EB1501 /* SwiftuiSnapshotTests */,
				27EA3C812C161AD200EB1501 /* Products */,
			);
			sourceTree = "<group>";
		};
		27EA3C812C161AD200EB1501 /* Products */ = {
			isa = PBXGroup;
			children = (
				27EA3C802C161AD200EB1501 /* SwiftuiSnapshot.app */,
				27EA3C912C161AD400EB1501 /* SwiftuiSnapshotTests.xctest */,
			);
			name = Products;
			sourceTree = "<group>";
		};
		27EA3C822C161AD200EB1501 /* SwiftuiSnapshot */ = {
			isa = PBXGroup;
			children = (
				27EA3C832C161AD200EB1501 /* SwiftuiSnapshotApp.swift */,
				27EA3C852C161AD200EB1501 /* ContentView.swift */,
				27EA3C872C161AD400EB1501 /* Assets.xcassets */,
				27EA3C892C161AD400EB1501 /* SwiftuiSnapshot.entitlements */,
				27EA3C8A2C161AD400EB1501 /* Preview Content */,
			);
			path = SwiftuiSnapshot;
			sourceTree = "<group>";
		};
		27EA3C8A2C161AD400EB1501 /* Preview Content */ = {
			isa = PBXGroup;
			children = (
				27EA3C8B2C161AD400EB1501 /* Preview Assets.xcassets */,
			);
			path = "Preview Content";
			sourceTree = "<group>";
		};
		27EA3C942C161AD400EB1501 /* SwiftuiSnapshotTests */ = {
			isa = PBXGroup;
			children = (
				27EA3C952C161AD400EB1501 /* ContentViewSnapshotTests.swift */,
				27EA3CB02C1629BD00EB1501 /* SnapshotTesting.swift */,
			);
			path = SwiftuiSnapshotTests;
			sourceTree = "<group>";
		};
/* End PBXGroup section */

/* Begin PBXNativeTarget section */
		27EA3C7F2C161AD200EB1501 /* SwiftuiSnapshot */ = {
			isa = PBXNativeTarget;
			buildConfigurationList = 27EA3CA52C161AD400EB1501 /* Build configuration list for PBXNativeTarget "SwiftuiSnapshot" */;
			buildPhases = (
				27EA3C7C2C161AD200EB1501 /* Sources */,
				27EA3C7D2C161AD200EB1501 /* Frameworks */,
				27EA3C7E2C161AD200EB1501 /* Resources */,
			);
			buildRules = (
			);
			dependencies = (
			);
			name = SwiftuiSnapshot;
			productName = SwiftuiSnapshot;
			productReference = 27EA3C802C161AD200EB1501 /* SwiftuiSnapshot.app */;
			productType = "com.apple.product-type.application";
		};
		27EA3C902C161AD400EB1501 /* SwiftuiSnapshotTests */ = {
			isa = PBXNativeTarget;
			buildConfigurationList = 27EA3CA82C161AD400EB1501 /* Build configuration list for PBXNativeTarget "SwiftuiSnapshotTests" */;
			buildPhases = (
				27EA3C8D2C161AD400EB1501 /* Sources */,
				27EA3C8E2C161AD400EB1501 /* Frameworks */,
				27EA3C8F2C161AD400EB1501 /* Resources */,
			);
			buildRules = (
			);
			dependencies = (
				27EA3C932C161AD400EB1501 /* PBXTargetDependency */,
			);
			name = SwiftuiSnapshotTests;
			productName = SwiftuiSnapshotTests;
			productReference = 27EA3C912C161AD400EB1501 /* SwiftuiSnapshotTests.xctest */;
			productType = "com.apple.product-type.bundle.unit-test";
		};
/* End PBXNativeTarget section */

/* Begin PBXProject section */
		27EA3C782C161AD200EB1501 /* Project object */ = {
			isa = PBXProject;
			attributes = {
				BuildIndependentTargetsInParallel = 1;
				LastSwiftUpdateCheck = 1520;
				LastUpgradeCheck = 1520;
				TargetAttributes = {
					27EA3C7F2C161AD200EB1501 = {
						CreatedOnToolsVersion = 15.2;
					};
					27EA3C902C161AD400EB1501 = {
						CreatedOnToolsVersion = 15.2;
						TestTargetID = 27EA3C7F2C161AD200EB1501;
					};
				};
			};
			buildConfigurationList = 27EA3C7B2C161AD200EB1501 /* Build configuration list for PBXProject "SwiftuiSnapshot" */;
			compatibilityVersion = "Xcode 14.0";
			developmentRegion = en;
			hasScannedForEncodings = 0;
			knownRegions = (
				en,
				Base,
			);
			mainGroup = 27EA3C772C161AD200EB1501;
			productRefGroup = 27EA3C812C161AD200EB1501 /* Products */;
			projectDirPath = "";
			projectRoot = "";
			targets = (
				27EA3C7F2C161AD200EB1501 /* SwiftuiSnapshot */,
				27EA3C902C161AD400EB1501 /* SwiftuiSnapshotTests */,
			);
		};
/* End PBXProject section */

/* Begin PBXResourcesBuildPhase section */
		27EA3C7E2C161AD200EB1501 /* Resources */ = {
			isa = PBXResourcesBuildPhase;
			buildActionMask = 2147483647;
			files = (
				27EA3C8C2C161AD400EB1501 /* Preview Assets.xcassets in Resources */,
				27EA3C882C161AD400EB1501 /* Assets.xcassets in Resources */,
			);
			runOnlyForDeploymentPostprocessing = 0;
		};
		27EA3C8F2C161AD400EB1501 /* Resources */ = {
			isa = PBXResourcesBuildPhase;
			buildActionMask = 2147483647;
			files = (
			);
			runOnlyForDeploymentPostprocessing = 0;
		};
/* End PBXResourcesBuildPhase section */

/* Begin PBXSourcesBuildPhase section */
		27EA3C7C2C161AD200EB1501 /* Sources */ = {
			isa = PBXSourcesBuildPhase;
			buildActionMask = 2147483647;
			files = (
				27EA3C862C161AD200EB1501 /* ContentView.swift in Sources */,
				27EA3C842C161AD200EB1501 /* SwiftuiSnapshotApp.swift in Sources */,
			);
			runOnlyForDeploymentPostprocessing = 0;
		};
		27EA3C8D2C161AD400EB1501 /* Sources */ = {
			isa = PBXSourcesBuildPhase;
			buildActionMask = 2147483647;
			files = (
				27EA3CB12C1629BD00EB1501 /* SnapshotTesting.swift in Sources */,
				27EA3CAF2C161D1800EB1501 /* ContentViewSnapshotTests.swift in Sources */,
			);
			runOnlyForDeploymentPostprocessing = 0;
		};
/* End PBXSourcesBuildPhase section */

/* Begin PBXTargetDependency section */
		27EA3C932C161AD400EB1501 /* PBXTargetDependency */ = {
			isa = PBXTargetDependency;
			target = 27EA3C7F2C161AD200EB1501 /* SwiftuiSnapshot */;
			targetProxy = 27EA3C922C161AD400EB1501 /* PBXContainerItemProxy */;
		};
/* End PBXTargetDependency section */

/* Begin XCBuildConfiguration section */
		27EA3CA32C161AD400EB1501 /* Debug */ = {
			isa = XCBuildConfiguration;
			buildSettings = {
				ALWAYS_SEARCH_USER_PATHS = NO;
				ASSETCATALOG_COMPILER_GENERATE_SWIFT_ASSET_SYMBOL_EXTENSIONS = YES;
				CLANG_ANALYZER_NONNULL = YES;
				CLANG_ANALYZER_NUMBER_OBJECT_CONVERSION = YES_AGGRESSIVE;
				CLANG_CXX_LANGUAGE_STANDARD = "gnu++20";
				CLANG_ENABLE_MODULES = YES;
				CLANG_ENABLE_OBJC_ARC = YES;
				CLANG_ENABLE_OBJC_WEAK = YES;
				CLANG_WARN_BLOCK_CAPTURE_AUTORELEASING = YES;
				CLANG_WARN_BOOL_CONVERSION = YES;
				CLANG_WARN_COMMA = YES;
				CLANG_WARN_CONSTANT_CONVERSION = YES;
				CLANG_WARN_DEPRECATED_OBJC_IMPLEMENTATIONS = YES;
				CLANG_WARN_DIRECT_OBJC_ISA_USAGE = YES_ERROR;
				CLANG_WARN_DOCUMENTATION_COMMENTS = YES;
				CLANG_WARN_EMPTY_BODY = YES;
				CLANG_WARN_ENUM_CONVERSION = YES;
				CLANG_WARN_INFINITE_RECURSION = YES;
				CLANG_WARN_INT_CONVERSION = YES;
				CLANG_WARN_NON_LITERAL_NULL_CONVERSION = YES;
				CLANG_WARN_OBJC_IMPLICIT_RETAIN_SELF = YES;
				CLANG_WARN_OBJC_LITERAL_CONVERSION = YES;
				CLANG_WARN_OBJC_ROOT_CLASS = YES_ERROR;
				CLANG_WARN_QUOTED_INCLUDE_IN_FRAMEWORK_HEADER = YES;
				CLANG_WARN_RANGE_LOOP_ANALYSIS = YES;
				CLANG_WARN_STRICT_PROTOTYPES = YES;
				CLANG_WARN_SUSPICIOUS_MOVE = YES;
				CLANG_WARN_UNGUARDED_AVAILABILITY = YES_AGGRESSIVE;
				CLANG_WARN_UNREACHABLE_CODE = YES;
				CLANG_WARN__DUPLICATE_METHOD_MATCH = YES;
				COPY_PHASE_STRIP = NO;
				DEBUG_INFORMATION_FORMAT = dwarf;
				ENABLE_STRICT_OBJC_MSGSEND = YES;
				ENABLE_TESTABILITY = YES;
				ENABLE_USER_SCRIPT_SANDBOXING = YES;
				GCC_C_LANGUAGE_STANDARD = gnu17;
				GCC_DYNAMIC_NO_PIC = NO;
				GCC_NO_COMMON_BLOCKS = YES;
				GCC_OPTIMIZATION_LEVEL = 0;
				GCC_PREPROCESSOR_DEFINITIONS = (
					"DEBUG=1",
					"$(inherited)",
				);
				GCC_WARN_64_TO_32_BIT_CONVERSION = YES;
				GCC_WARN_ABOUT_RETURN_TYPE = YES_ERROR;
				GCC_WARN_UNDECLARED_SELECTOR = YES;
				GCC_WARN_UNINITIALIZED_AUTOS = YES_AGGRESSIVE;
				GCC_WARN_UNUSED_FUNCTION = YES;
				GCC_WARN_UNUSED_VARIABLE = YES;
				LOCALIZATION_PREFERS_STRING_CATALOGS = YES;
				MTL_ENABLE_DEBUG_INFO = INCLUDE_SOURCE;
				MTL_FAST_MATH = YES;
				ONLY_ACTIVE_ARCH = YES;
				SWIFT_ACTIVE_COMPILATION_CONDITIONS = "DEBUG $(inherited)";
				SWIFT_OPTIMIZATION_LEVEL = "-Onone";
			};
			name = Debug;
		};
		27EA3CA42C161AD400EB1501 /* Release */ = {
			isa = XCBuildConfiguration;
			buildSettings = {
				ALWAYS_SEARCH_USER_PATHS = NO;
				ASSETCATALOG_COMPILER_GENERATE_SWIFT_ASSET_SYMBOL_EXTENSIONS = YES;
				CLANG_ANALYZER_NONNULL = YES;
				CLANG_ANALYZER_NUMBER_OBJECT_CONVERSION = YES_AGGRESSIVE;
				CLANG_CXX_LANGUAGE_STANDARD = "gnu++20";
				CLANG_ENABLE_MODULES = YES;
				CLANG_ENABLE_OBJC_ARC = YES;
				CLANG_ENABLE_OBJC_WEAK = YES;
				CLANG_WARN_BLOCK_CAPTURE_AUTORELEASING = YES;
				CLANG_WARN_BOOL_CONVERSION = YES;
				CLANG_WARN_COMMA = YES;
				CLANG_WARN_CONSTANT_CONVERSION = YES;
				CLANG_WARN_DEPRECATED_OBJC_IMPLEMENTATIONS = YES;
				CLANG_WARN_DIRECT_OBJC_ISA_USAGE = YES_ERROR;
				CLANG_WARN_DOCUMENTATION_COMMENTS = YES;
				CLANG_WARN_EMPTY_BODY = YES;
				CLANG_WARN_ENUM_CONVERSION = YES;
				CLANG_WARN_INFINITE_RECURSION = YES;
				CLANG_WARN_INT_CONVERSION = YES;
				CLANG_WARN_NON_LITERAL_NULL_CONVERSION = YES;
				CLANG_WARN_OBJC_IMPLICIT_RETAIN_SELF = YES;
				CLANG_WARN_OBJC_LITERAL_CONVERSION = YES;
				CLANG_WARN_OBJC_ROOT_CLASS = YES_ERROR;
				CLANG_WARN_QUOTED_INCLUDE_IN_FRAMEWORK_HEADER = YES;
				CLANG_WARN_RANGE_LOOP_ANALYSIS = YES;
				CLANG_WARN_STRICT_PROTOTYPES = YES;
				CLANG_WARN_SUSPICIOUS_MOVE = YES;
				CLANG_WARN_UNGUARDED_AVAILABILITY = YES_AGGRESSIVE;
				CLANG_WARN_UNREACHABLE_CODE = YES;
				CLANG_WARN__DUPLICATE_METHOD_MATCH = YES;
				COPY_PHASE_STRIP = NO;
				DEBUG_INFORMATION_FORMAT = "dwarf-with-dsym";
				ENABLE_NS_ASSERTIONS = NO;
				ENABLE_STRICT_OBJC_MSGSEND = YES;
				ENABLE_USER_SCRIPT_SANDBOXING = YES;
				GCC_C_LANGUAGE_STANDARD = gnu17;
				GCC_NO_COMMON_BLOCKS = YES;
				GCC_WARN_64_TO_32_BIT_CONVERSION = YES;
				GCC_WARN_ABOUT_RETURN_TYPE = YES_ERROR;
				GCC_WARN_UNDECLARED_SELECTOR = YES;
				GCC_WARN_UNINITIALIZED_AUTOS = YES_AGGRESSIVE;
				GCC_WARN_UNUSED_FUNCTION = YES;
				GCC_WARN_UNUSED_VARIABLE = YES;
				LOCALIZATION_PREFERS_STRING_CATALOGS = YES;
				MTL_ENABLE_DEBUG_INFO = NO;
				MTL_FAST_MATH = YES;
				SWIFT_COMPILATION_MODE = wholemodule;
			};
			name = Release;
		};
		27EA3CA62C161AD400EB1501 /* Debug */ = {
			isa = XCBuildConfiguration;
			buildSettings = {
				ASSETCATALOG_COMPILER_APPICON_NAME = AppIcon;
				ASSETCATALOG_COMPILER_GLOBAL_ACCENT_COLOR_NAME = AccentColor;
				CODE_SIGN_ENTITLEMENTS = SwiftuiSnapshot/SwiftuiSnapshot.entitlements;
				CODE_SIGN_STYLE = Automatic;
				CURRENT_PROJECT_VERSION = 1;
				DEVELOPMENT_ASSET_PATHS = "\"SwiftuiSnapshot/Preview Content\"";
				DEVELOPMENT_TEAM = 8S58D25632;
				ENABLE_HARDENED_RUNTIME = YES;
				ENABLE_PREVIEWS = YES;
				GENERATE_INFOPLIST_FILE = YES;
				"INFOPLIST_KEY_UIApplicationSceneManifest_Generation[sdk=iphoneos*]" = YES;
				"INFOPLIST_KEY_UIApplicationSceneManifest_Generation[sdk=iphonesimulator*]" = YES;
				"INFOPLIST_KEY_UIApplicationSupportsIndirectInputEvents[sdk=iphoneos*]" = YES;
				"INFOPLIST_KEY_UIApplicationSupportsIndirectInputEvents[sdk=iphonesimulator*]" = YES;
				"INFOPLIST_KEY_UILaunchScreen_Generation[sdk=iphoneos*]" = YES;
				"INFOPLIST_KEY_UILaunchScreen_Generation[sdk=iphonesimulator*]" = YES;
				"INFOPLIST_KEY_UIStatusBarStyle[sdk=iphoneos*]" = UIStatusBarStyleDefault;
				"INFOPLIST_KEY_UIStatusBarStyle[sdk=iphonesimulator*]" = UIStatusBarStyleDefault;
				INFOPLIST_KEY_UISupportedInterfaceOrientations_iPad = "UIInterfaceOrientationPortrait UIInterfaceOrientationPortraitUpsideDown UIInterfaceOrientationLandscapeLeft UIInterfaceOrientationLandscapeRight";
				INFOPLIST_KEY_UISupportedInterfaceOrientations_iPhone = "UIInterfaceOrientationPortrait UIInterfaceOrientationLandscapeLeft UIInterfaceOrientationLandscapeRight";
				IPHONEOS_DEPLOYMENT_TARGET = 17.2;
				LD_RUNPATH_SEARCH_PATHS = "@executable_path/Frameworks";
				"LD_RUNPATH_SEARCH_PATHS[sdk=macosx*]" = "@executable_path/../Frameworks";
				MACOSX_DEPLOYMENT_TARGET = 14.2;
				MARKETING_VERSION = 1.0;
				PRODUCT_BUNDLE_IDENTIFIER = users.list.com.SwiftuiSnapshot;
				PRODUCT_NAME = "$(TARGET_NAME)";
				SDKROOT = auto;
				SUPPORTED_PLATFORMS = "iphoneos iphonesimulator macosx";
				SWIFT_EMIT_LOC_STRINGS = YES;
				SWIFT_VERSION = 5.0;
				TARGETED_DEVICE_FAMILY = "1,2";
			};
			name = Debug;
		};
		27EA3CA72C161AD400EB1501 /* Release */ = {
			isa = XCBuildConfiguration;
			buildSettings = {
				ASSETCATALOG_COMPILER_APPICON_NAME = AppIcon;
				ASSETCATALOG_COMPILER_GLOBAL_ACCENT_COLOR_NAME = AccentColor;
				CODE_SIGN_ENTITLEMENTS = SwiftuiSnapshot/SwiftuiSnapshot.entitlements;
				CODE_SIGN_STYLE = Automatic;
				CURRENT_PROJECT_VERSION = 1;
				DEVELOPMENT_ASSET_PATHS = "\"SwiftuiSnapshot/Preview Content\"";
				DEVELOPMENT_TEAM = 8S58D25632;
				ENABLE_HARDENED_RUNTIME = YES;
				ENABLE_PREVIEWS = YES;
				GENERATE_INFOPLIST_FILE = YES;
				"INFOPLIST_KEY_UIApplicationSceneManifest_Generation[sdk=iphoneos*]" = YES;
				"INFOPLIST_KEY_UIApplicationSceneManifest_Generation[sdk=iphonesimulator*]" = YES;
				"INFOPLIST_KEY_UIApplicationSupportsIndirectInputEvents[sdk=iphoneos*]" = YES;
				"INFOPLIST_KEY_UIApplicationSupportsIndirectInputEvents[sdk=iphonesimulator*]" = YES;
				"INFOPLIST_KEY_UILaunchScreen_Generation[sdk=iphoneos*]" = YES;
				"INFOPLIST_KEY_UILaunchScreen_Generation[sdk=iphonesimulator*]" = YES;
				"INFOPLIST_KEY_UIStatusBarStyle[sdk=iphoneos*]" = UIStatusBarStyleDefault;
				"INFOPLIST_KEY_UIStatusBarStyle[sdk=iphonesimulator*]" = UIStatusBarStyleDefault;
				INFOPLIST_KEY_UISupportedInterfaceOrientations_iPad = "UIInterfaceOrientationPortrait UIInterfaceOrientationPortraitUpsideDown UIInterfaceOrientationLandscapeLeft UIInterfaceOrientationLandscapeRight";
				INFOPLIST_KEY_UISupportedInterfaceOrientations_iPhone = "UIInterfaceOrientationPortrait UIInterfaceOrientationLandscapeLeft UIInterfaceOrientationLandscapeRight";
				IPHONEOS_DEPLOYMENT_TARGET = 17.2;
				LD_RUNPATH_SEARCH_PATHS = "@executable_path/Frameworks";
				"LD_RUNPATH_SEARCH_PATHS[sdk=macosx*]" = "@executable_path/../Frameworks";
				MACOSX_DEPLOYMENT_TARGET = 14.2;
				MARKETING_VERSION = 1.0;
				PRODUCT_BUNDLE_IDENTIFIER = users.list.com.SwiftuiSnapshot;
				PRODUCT_NAME = "$(TARGET_NAME)";
				SDKROOT = auto;
				SUPPORTED_PLATFORMS = "iphoneos iphonesimulator macosx";
				SWIFT_EMIT_LOC_STRINGS = YES;
				SWIFT_VERSION = 5.0;
				TARGETED_DEVICE_FAMILY = "1,2";
			};
			name = Release;
		};
		27EA3CA92C161AD400EB1501 /* Debug */ = {
			isa = XCBuildConfiguration;
			buildSettings = {
				ALWAYS_EMBED_SWIFT_STANDARD_LIBRARIES = YES;
				BUNDLE_LOADER = "$(TEST_HOST)";
				CODE_SIGN_STYLE = Automatic;
				CURRENT_PROJECT_VERSION = 1;
				DEVELOPMENT_TEAM = 8S58D25632;
				GENERATE_INFOPLIST_FILE = YES;
				IPHONEOS_DEPLOYMENT_TARGET = 17.2;
				MACOSX_DEPLOYMENT_TARGET = 14.2;
				MARKETING_VERSION = 1.0;
				PRODUCT_BUNDLE_IDENTIFIER = users.list.com.SwiftuiSnapshotTests;
				PRODUCT_NAME = "$(TARGET_NAME)";
				SDKROOT = auto;
				SUPPORTED_PLATFORMS = "iphoneos iphonesimulator macosx";
				SWIFT_EMIT_LOC_STRINGS = NO;
				SWIFT_VERSION = 5.0;
				TARGETED_DEVICE_FAMILY = "1,2";
				TEST_HOST = "$(BUILT_PRODUCTS_DIR)/SwiftuiSnapshot.app/$(BUNDLE_EXECUTABLE_FOLDER_PATH)/SwiftuiSnapshot";
			};
			name = Debug;
		};
		27EA3CAA2C161AD400EB1501 /* Release */ = {
			isa = XCBuildConfiguration;
			buildSettings = {
				ALWAYS_EMBED_SWIFT_STANDARD_LIBRARIES = YES;
				BUNDLE_LOADER = "$(TEST_HOST)";
				CODE_SIGN_STYLE = Automatic;
				CURRENT_PROJECT_VERSION = 1;
				DEVELOPMENT_TEAM = 8S58D25632;
				GENERATE_INFOPLIST_FILE = YES;
				IPHONEOS_DEPLOYMENT_TARGET = 17.2;
				MACOSX_DEPLOYMENT_TARGET = 14.2;
				MARKETING_VERSION = 1.0;
				PRODUCT_BUNDLE_IDENTIFIER = users.list.com.SwiftuiSnapshotTests;
				PRODUCT_NAME = "$(TARGET_NAME)";
				SDKROOT = auto;
				SUPPORTED_PLATFORMS = "iphoneos iphonesimulator macosx";
				SWIFT_EMIT_LOC_STRINGS = NO;
				SWIFT_VERSION = 5.0;
				TARGETED_DEVICE_FAMILY = "1,2";
				TEST_HOST = "$(BUILT_PRODUCTS_DIR)/SwiftuiSnapshot.app/$(BUNDLE_EXECUTABLE_FOLDER_PATH)/SwiftuiSnapshot";
			};
			name = Release;
		};
/* End XCBuildConfiguration section */

/* Begin XCConfigurationList section */
		27EA3C7B2C161AD200EB1501 /* Build configuration list for PBXProject "SwiftuiSnapshot" */ = {
			isa = XCConfigurationList;
			buildConfigurations = (
				27EA3CA32C161AD400EB1501 /* Debug */,
				27EA3CA42C161AD400EB1501 /* Release */,
			);
			defaultConfigurationIsVisible = 0;
			defaultConfigurationName = Release;
		};
		27EA3CA52C161AD400EB1501 /* Build configuration list for PBXNativeTarget "SwiftuiSnapshot" */ = {
			isa = XCConfigurationList;
			buildConfigurations = (
				27EA3CA62C161AD400EB1501 /* Debug */,
				27EA3CA72C161AD400EB1501 /* Release */,
			);
			defaultConfigurationIsVisible = 0;
			defaultConfigurationName = Release;
		};
		27EA3CA82C161AD400EB1501 /* Build configuration list for PBXNativeTarget "SwiftuiSnapshotTests" */ = {
			isa = XCConfigurationList;
			buildConfigurations = (
				27EA3CA92C161AD400EB1501 /* Debug */,
				27EA3CAA2C161AD400EB1501 /* Release */,
			);
			defaultConfigurationIsVisible = 0;
			defaultConfigurationName = Release;
		};
/* End XCConfigurationList section */
	};
	rootObject = 27EA3C782C161AD200EB1501 /* Project object */;
}
